
Microsoft Visual Studio Solution File, Format Version 12.00
# Visual Studio Version 16
VisualStudioVersion = 16.0.30011.22
MinimumVisualStudioVersion = 10.0.40219.1
Project("{FAE04EC0-301F-11D3-BF4B-00C04F79EFBC}") = "CodeAnalyzing", "CodeAnalyzing\CodeAnalyzing.csproj", "{8257488D-5F9F-4727-ACF4-B59BAB5B0C5B}"
EndProject
Project("{FAE04EC0-301F-11D3-BF4B-00C04F79EFBC}") = "CodeAnalyzingTests", "CodeAnalyzingTests\CodeAnalyzingTests.csproj", "{3BD7B6A0-7FE8-4E6D-A9DF-8510F880AEF2}"
EndProject
Global
	GlobalSection(SolutionConfigurationPlatforms) = preSolution
		Debug|Any CPU = Debug|Any CPU
		Release|Any CPU = Release|Any CPU
	EndGlobalSection
	GlobalSection(ProjectConfigurationPlatforms) = postSolution
		{8257488D-5F9F-4727-ACF4-B59BAB5B0C5B}.Debug|Any CPU.ActiveCfg = Debug|Any CPU
		{8257488D-5F9F-4727-ACF4-B59BAB5B0C5B}.Debug|Any CPU.Build.0 = Debug|Any CPU
		{8257488D-5F9F-4727-ACF4-B59BAB5B0C5B}.Release|Any CPU.ActiveCfg = Release|Any CPU
		{8257488D-5F9F-4727-ACF4-B59BAB5B0C5B}.Release|Any CPU.Build.0 = Release|Any CPU
		{3BD7B6A0-7FE8-4E6D-A9DF-8510F880AEF2}.Debug|Any CPU.ActiveCfg = Debug|Any CPU
		{3BD7B6A0-7FE8-4E6D-A9DF-8510F880AEF2}.Debug|Any CPU.Build.0 = Debug|Any CPU
		{3BD7B6A0-7FE8-4E6D-A9DF-8510F880AEF2}.Release|Any CPU.ActiveCfg = Release|Any CPU
		{3BD7B6A0-7FE8-4E6D-A9DF-8510F880AEF2}.Release|Any CPU.Build.0 = Release|Any CPU
	EndGlobalSection
	GlobalSection(SolutionProperties) = preSolution
		HideSolutionNode = FALSE
	EndGlobalSection
	GlobalSection(ExtensibilityGlobals) = postSolution
		SolutionGuid = {D7516306-3452-4D81-9026-B9BF3B9DB0DD}
	EndGlobalSection
EndGlobal
